
Microsoft Visual Studio Solution File, Format Version 12.00
# Visual Studio 15
VisualStudioVersion = 15.0.27428.2043
MinimumVisualStudioVersion = 10.0.40219.1
Project("{FAE04EC0-301F-11D3-BF4B-00C04F79EFBC}") = "EntityFrameworkApi", "EntityFrameworkApi\EntityFrameworkApi.csproj", "{CDAEF446-C602-4B33-96A4-AC3DDEC8E340}"
EndProject
Global
	GlobalSection(SolutionConfigurationPlatforms) = preSolution
		Debug|Any CPU = Debug|Any CPU
		Release|Any CPU = Release|Any CPU
	EndGlobalSection
	GlobalSection(ProjectConfigurationPlatforms) = postSolution
		{CDAEF446-C602-4B33-96A4-AC3DDEC8E340}.Debug|Any CPU.ActiveCfg = Debug|Any CPU
		{CDAEF446-C602-4B33-96A4-AC3DDEC8E340}.Debug|Any CPU.Build.0 = Debug|Any CPU
		{CDAEF446-C602-4B33-96A4-AC3DDEC8E340}.Release|Any CPU.ActiveCfg = Release|Any CPU
		{CDAEF446-C602-4B33-96A4-AC3DDEC8E340}.Release|Any CPU.Build.0 = Release|Any CPU
	EndGlobalSection
	GlobalSection(SolutionProperties) = preSolution
		HideSolutionNode = FALSE
	EndGlobalSection
	GlobalSection(ExtensibilityGlobals) = postSolution
		SolutionGuid = {B02C7E0A-F942-4C15-A7BE-A821A135A6FB}
	EndGlobalSection
EndGlobal
